
Microsoft Visual Studio Solution File, Format Version 12.00
# Visual Studio 15
VisualStudioVersion = 15.0.27130.2024
MinimumVisualStudioVersion = 10.0.40219.1
Project("{2150E333-8FDC-42A3-9474-1A3956D46DE8}") = "Senparc.WeiXinMPSDK", "Senparc.WeiXinMPSDK", "{C93F22C9-BE3D-4656-B28A-65155BD62CE3}"
EndProject
Global
	GlobalSection(SolutionProperties) = preSolution
		HideSolutionNode = FALSE
	EndGlobalSection
	GlobalSection(ExtensibilityGlobals) = postSolution
		SolutionGuid = {4A4EF561-716B-4645-A0BD-D8F6A44DA29B}
	EndGlobalSection
EndGlobal
